// !$*UTF8*$!
{
	archiveVersion = 1;
	classes = {
	};
	objectVersion = 52;
	objects = {

/* Begin PBXBuildFile section */
		4B04190225DD95FB004601D8 /* AppDelegate.swift in Sources */ = {isa = PBXBuildFile; fileRef = 4B04190125DD95FB004601D8 /* AppDelegate.swift */; };
		4B04190425DD95FB004601D8 /* SceneDelegate.swift in Sources */ = {isa = PBXBuildFile; fileRef = 4B04190325DD95FB004601D8 /* SceneDelegate.swift */; };
		4B04190825DD9600004601D8 /* Assets.xcassets in Resources */ = {isa = PBXBuildFile; fileRef = 4B04190725DD9600004601D8 /* Assets.xcassets */; };
		4B04190B25DD9600004601D8 /* Preview Assets.xcassets in Resources */ = {isa = PBXBuildFile; fileRef = 4B04190A25DD9600004601D8 /* Preview Assets.xcassets */; };
		4B04190E25DD9600004601D8 /* LaunchScreen.storyboard in Resources */ = {isa = PBXBuildFile; fileRef = 4B04190C25DD9600004601D8 /* LaunchScreen.storyboard */; };
		4B04193C25DD961E004601D8 /* GarmentListViewModel.swift in Sources */ = {isa = PBXBuildFile; fileRef = 4B04193525DD961E004601D8 /* GarmentListViewModel.swift */; };
		4B04193D25DD961E004601D8 /* Garment.swift in Sources */ = {isa = PBXBuildFile; fileRef = 4B04193725DD961E004601D8 /* Garment.swift */; };
		4B04193E25DD961E004601D8 /* GarmentDB.swift in Sources */ = {isa = PBXBuildFile; fileRef = 4B04193825DD961E004601D8 /* GarmentDB.swift */; };
		4B04193F25DD961E004601D8 /* GarmentListView.swift in Sources */ = {isa = PBXBuildFile; fileRef = 4B04193A25DD961E004601D8 /* GarmentListView.swift */; };
		4B04194025DD961E004601D8 /* ContentView.swift in Sources */ = {isa = PBXBuildFile; fileRef = 4B04193B25DD961E004601D8 /* ContentView.swift */; };
		4B04194625DD97C6004601D8 /* Realm in Frameworks */ = {isa = PBXBuildFile; productRef = 4B04194525DD97C6004601D8 /* Realm */; };
		4B04194825DD97C6004601D8 /* RealmSwift in Frameworks */ = {isa = PBXBuildFile; productRef = 4B04194725DD97C6004601D8 /* RealmSwift */; };
		4B04195C25DDA603004601D8 /* GarmentFormView.swift in Sources */ = {isa = PBXBuildFile; fileRef = 4B04195B25DDA602004601D8 /* GarmentFormView.swift */; };
		4B04196425DDB03F004601D8 /* GarmentForm.swift in Sources */ = {isa = PBXBuildFile; fileRef = 4B04196325DDB03F004601D8 /* GarmentForm.swift */; };
		4B06EC3225DE08B300B4EF50 /* GarmentListViewModelSpec.swift in Sources */ = {isa = PBXBuildFile; fileRef = 4B06EC3125DE08B300B4EF50 /* GarmentListViewModelSpec.swift */; };
		4B66A8FF25DDE7CE00363A13 /* GarmentDBSpec.swift in Sources */ = {isa = PBXBuildFile; fileRef = 4B66A8FE25DDE7CE00363A13 /* GarmentDBSpec.swift */; };
		4EBE40F985DA46319AE52883 /* Pods_GarmentProjectTests.framework in Frameworks */ = {isa = PBXBuildFile; fileRef = 97D8086CE3FBC9B98BAB7E17 /* Pods_GarmentProjectTests.framework */; };
		AD2A93B7FC32690A7B8FDA6D /* Pods_GarmentProject.framework in Frameworks */ = {isa = PBXBuildFile; fileRef = 9B07717BD86FB72EAFD562B1 /* Pods_GarmentProject.framework */; };
/* End PBXBuildFile section */

/* Begin PBXContainerItemProxy section */
		4B04191525DD9600004601D8 /* PBXContainerItemProxy */ = {
			isa = PBXContainerItemProxy;
			containerPortal = 4B0418F625DD95FB004601D8 /* Project object */;
			proxyType = 1;
			remoteGlobalIDString = 4B0418FD25DD95FB004601D8;
			remoteInfo = GarmentProject;
		};
/* End PBXContainerItemProxy section */

/* Begin PBXFileReference section */
		3EC3A139D730C4BEDA5229CD /* Pods-GarmentProjectTests.release.xcconfig */ = {isa = PBXFileReference; includeInIndex = 1; lastKnownFileType = text.xcconfig; name = "Pods-GarmentProjectTests.release.xcconfig"; path = "Target Support Files/Pods-GarmentProjectTests/Pods-GarmentProjectTests.release.xcconfig"; sourceTree = "<group>"; };
		492572B1D0A862203D13C705 /* Pods-GarmentProject-GarmentProjectUITests.release.xcconfig */ = {isa = PBXFileReference; includeInIndex = 1; lastKnownFileType = text.xcconfig; name = "Pods-GarmentProject-GarmentProjectUITests.release.xcconfig"; path = "Target Support Files/Pods-GarmentProject-GarmentProjectUITests/Pods-GarmentProject-GarmentProjectUITests.release.xcconfig"; sourceTree = "<group>"; };
		497C50F97F7CC995E6688CAE /* Pods_GarmentProject_GarmentProjectUITests.framework */ = {isa = PBXFileReference; explicitFileType = wrapper.framework; includeInIndex = 0; path = Pods_GarmentProject_GarmentProjectUITests.framework; sourceTree = BUILT_PRODUCTS_DIR; };
		4B0418FE25DD95FB004601D8 /* GarmentProject.app */ = {isa = PBXFileReference; explicitFileType = wrapper.application; includeInIndex = 0; path = GarmentProject.app; sourceTree = BUILT_PRODUCTS_DIR; };
		4B04190125DD95FB004601D8 /* AppDelegate.swift */ = {isa = PBXFileReference; lastKnownFileType = sourcecode.swift; path = AppDelegate.swift; sourceTree = "<group>"; };
		4B04190325DD95FB004601D8 /* SceneDelegate.swift */ = {isa = PBXFileReference; lastKnownFileType = sourcecode.swift; path = SceneDelegate.swift; sourceTree = "<group>"; };
		4B04190725DD9600004601D8 /* Assets.xcassets */ = {isa = PBXFileReference; lastKnownFileType = folder.assetcatalog; path = Assets.xcassets; sourceTree = "<group>"; };
		4B04190A25DD9600004601D8 /* Preview Assets.xcassets */ = {isa = PBXFileReference; lastKnownFileType = folder.assetcatalog; path = "Preview Assets.xcassets"; sourceTree = "<group>"; };
		4B04190D25DD9600004601D8 /* Base */ = {isa = PBXFileReference; lastKnownFileType = file.storyboard; name = Base; path = Base.lproj/LaunchScreen.storyboard; sourceTree = "<group>"; };
		4B04190F25DD9600004601D8 /* Info.plist */ = {isa = PBXFileReference; lastKnownFileType = text.plist.xml; path = Info.plist; sourceTree = "<group>"; };
		4B04191425DD9600004601D8 /* GarmentProjectTests.xctest */ = {isa = PBXFileReference; explicitFileType = wrapper.cfbundle; includeInIndex = 0; path = GarmentProjectTests.xctest; sourceTree = BUILT_PRODUCTS_DIR; };
		4B04191A25DD9600004601D8 /* Info.plist */ = {isa = PBXFileReference; lastKnownFileType = text.plist.xml; path = Info.plist; sourceTree = "<group>"; };
		4B04193525DD961E004601D8 /* GarmentListViewModel.swift */ = {isa = PBXFileReference; fileEncoding = 4; lastKnownFileType = sourcecode.swift; path = GarmentListViewModel.swift; sourceTree = "<group>"; };
		4B04193725DD961E004601D8 /* Garment.swift */ = {isa = PBXFileReference; fileEncoding = 4; lastKnownFileType = sourcecode.swift; path = Garment.swift; sourceTree = "<group>"; };
		4B04193825DD961E004601D8 /* GarmentDB.swift */ = {isa = PBXFileReference; fileEncoding = 4; lastKnownFileType = sourcecode.swift; path = GarmentDB.swift; sourceTree = "<group>"; };
		4B04193A25DD961E004601D8 /* GarmentListView.swift */ = {isa = PBXFileReference; fileEncoding = 4; lastKnownFileType = sourcecode.swift; path = GarmentListView.swift; sourceTree = "<group>"; };
		4B04193B25DD961E004601D8 /* ContentView.swift */ = {isa = PBXFileReference; fileEncoding = 4; lastKnownFileType = sourcecode.swift; path = ContentView.swift; sourceTree = "<group>"; };
		4B04195B25DDA602004601D8 /* GarmentFormView.swift */ = {isa = PBXFileReference; lastKnownFileType = sourcecode.swift; path = GarmentFormView.swift; sourceTree = "<group>"; };
		4B04196325DDB03F004601D8 /* GarmentForm.swift */ = {isa = PBXFileReference; lastKnownFileType = sourcecode.swift; path = GarmentForm.swift; sourceTree = "<group>"; };
		4B06EC3125DE08B300B4EF50 /* GarmentListViewModelSpec.swift */ = {isa = PBXFileReference; lastKnownFileType = sourcecode.swift; path = GarmentListViewModelSpec.swift; sourceTree = "<group>"; };
		4B66A8FE25DDE7CE00363A13 /* GarmentDBSpec.swift */ = {isa = PBXFileReference; fileEncoding = 4; lastKnownFileType = sourcecode.swift; path = GarmentDBSpec.swift; sourceTree = "<group>"; };
		7869E3B074C4AF0C13D63B6A /* Pods-GarmentProject-GarmentProjectUITests.debug.xcconfig */ = {isa = PBXFileReference; includeInIndex = 1; lastKnownFileType = text.xcconfig; name = "Pods-GarmentProject-GarmentProjectUITests.debug.xcconfig"; path = "Target Support Files/Pods-GarmentProject-GarmentProjectUITests/Pods-GarmentProject-GarmentProjectUITests.debug.xcconfig"; sourceTree = "<group>"; };
		7D0BE4012276D68CD179C217 /* Pods-GarmentProject.release.xcconfig */ = {isa = PBXFileReference; includeInIndex = 1; lastKnownFileType = text.xcconfig; name = "Pods-GarmentProject.release.xcconfig"; path = "Target Support Files/Pods-GarmentProject/Pods-GarmentProject.release.xcconfig"; sourceTree = "<group>"; };
		97D8086CE3FBC9B98BAB7E17 /* Pods_GarmentProjectTests.framework */ = {isa = PBXFileReference; explicitFileType = wrapper.framework; includeInIndex = 0; path = Pods_GarmentProjectTests.framework; sourceTree = BUILT_PRODUCTS_DIR; };
		9B07717BD86FB72EAFD562B1 /* Pods_GarmentProject.framework */ = {isa = PBXFileReference; explicitFileType = wrapper.framework; includeInIndex = 0; path = Pods_GarmentProject.framework; sourceTree = BUILT_PRODUCTS_DIR; };
		B18D3FFC8FAE8860F3801133 /* Pods-GarmentProjectTests.debug.xcconfig */ = {isa = PBXFileReference; includeInIndex = 1; lastKnownFileType = text.xcconfig; name = "Pods-GarmentProjectTests.debug.xcconfig"; path = "Target Support Files/Pods-GarmentProjectTests/Pods-GarmentProjectTests.debug.xcconfig"; sourceTree = "<group>"; };
		E8B94DD3DAFDC538DDB59FE1 /* Pods-GarmentProject.debug.xcconfig */ = {isa = PBXFileReference; includeInIndex = 1; lastKnownFileType = text.xcconfig; name = "Pods-GarmentProject.debug.xcconfig"; path = "Target Support Files/Pods-GarmentProject/Pods-GarmentProject.debug.xcconfig"; sourceTree = "<group>"; };
/* End PBXFileReference section */

/* Begin PBXFrameworksBuildPhase section */
		4B0418FB25DD95FB004601D8 /* Frameworks */ = {
			isa = PBXFrameworksBuildPhase;
			buildActionMask = 2147483647;
			files = (
				4B04194825DD97C6004601D8 /* RealmSwift in Frameworks */,
				4B04194625DD97C6004601D8 /* Realm in Frameworks */,
				AD2A93B7FC32690A7B8FDA6D /* Pods_GarmentProject.framework in Frameworks */,
			);
			runOnlyForDeploymentPostprocessing = 0;
		};
		4B04191125DD9600004601D8 /* Frameworks */ = {
			isa = PBXFrameworksBuildPhase;
			buildActionMask = 2147483647;
			files = (
				4EBE40F985DA46319AE52883 /* Pods_GarmentProjectTests.framework in Frameworks */,
			);
			runOnlyForDeploymentPostprocessing = 0;
		};
/* End PBXFrameworksBuildPhase section */

/* Begin PBXGroup section */
		4B0418F525DD95FB004601D8 = {
			isa = PBXGroup;
			children = (
				4B04190025DD95FB004601D8 /* GarmentProject */,
				4B04191725DD9600004601D8 /* GarmentProjectTests */,
				4B0418FF25DD95FB004601D8 /* Products */,
				D40E70F56F9482C859E5FF3D /* Pods */,
				84F683D353A8180DAD9D9740 /* Frameworks */,
			);
			sourceTree = "<group>";
		};
		4B0418FF25DD95FB004601D8 /* Products */ = {
			isa = PBXGroup;
			children = (
				4B0418FE25DD95FB004601D8 /* GarmentProject.app */,
				4B04191425DD9600004601D8 /* GarmentProjectTests.xctest */,
			);
			name = Products;
			sourceTree = "<group>";
		};
		4B04190025DD95FB004601D8 /* GarmentProject */ = {
			isa = PBXGroup;
			children = (
				4B04193625DD961E004601D8 /* Model */,
				4B04193925DD961E004601D8 /* View */,
				4B04193425DD961E004601D8 /* ViewModel */,
				4B04190125DD95FB004601D8 /* AppDelegate.swift */,
				4B04190325DD95FB004601D8 /* SceneDelegate.swift */,
				4B04193B25DD961E004601D8 /* ContentView.swift */,
				4B04190725DD9600004601D8 /* Assets.xcassets */,
				4B04190C25DD9600004601D8 /* LaunchScreen.storyboard */,
				4B04190F25DD9600004601D8 /* Info.plist */,
				4B04190925DD9600004601D8 /* Preview Content */,
			);
			path = GarmentProject;
			sourceTree = "<group>";
		};
		4B04190925DD9600004601D8 /* Preview Content */ = {
			isa = PBXGroup;
			children = (
				4B04190A25DD9600004601D8 /* Preview Assets.xcassets */,
			);
			path = "Preview Content";
			sourceTree = "<group>";
		};
		4B04191725DD9600004601D8 /* GarmentProjectTests */ = {
			isa = PBXGroup;
			children = (
				4B66A8FE25DDE7CE00363A13 /* GarmentDBSpec.swift */,
				4B04191A25DD9600004601D8 /* Info.plist */,
				4B06EC3125DE08B300B4EF50 /* GarmentListViewModelSpec.swift */,
			);
			path = GarmentProjectTests;
			sourceTree = "<group>";
		};
		4B04193425DD961E004601D8 /* ViewModel */ = {
			isa = PBXGroup;
			children = (
				4B04193525DD961E004601D8 /* GarmentListViewModel.swift */,
			);
			path = ViewModel;
			sourceTree = "<group>";
		};
		4B04193625DD961E004601D8 /* Model */ = {
			isa = PBXGroup;
			children = (
				4B04193725DD961E004601D8 /* Garment.swift */,
				4B04193825DD961E004601D8 /* GarmentDB.swift */,
				4B04196325DDB03F004601D8 /* GarmentForm.swift */,
			);
			path = Model;
			sourceTree = "<group>";
		};
		4B04193925DD961E004601D8 /* View */ = {
			isa = PBXGroup;
			children = (
				4B04193A25DD961E004601D8 /* GarmentListView.swift */,
				4B04195B25DDA602004601D8 /* GarmentFormView.swift */,
			);
			path = View;
			sourceTree = "<group>";
		};
		84F683D353A8180DAD9D9740 /* Frameworks */ = {
			isa = PBXGroup;
			children = (
				9B07717BD86FB72EAFD562B1 /* Pods_GarmentProject.framework */,
				497C50F97F7CC995E6688CAE /* Pods_GarmentProject_GarmentProjectUITests.framework */,
				97D8086CE3FBC9B98BAB7E17 /* Pods_GarmentProjectTests.framework */,
			);
			name = Frameworks;
			sourceTree = "<group>";
		};
		D40E70F56F9482C859E5FF3D /* Pods */ = {
			isa = PBXGroup;
			children = (
				E8B94DD3DAFDC538DDB59FE1 /* Pods-GarmentProject.debug.xcconfig */,
				7D0BE4012276D68CD179C217 /* Pods-GarmentProject.release.xcconfig */,
				7869E3B074C4AF0C13D63B6A /* Pods-GarmentProject-GarmentProjectUITests.debug.xcconfig */,
				492572B1D0A862203D13C705 /* Pods-GarmentProject-GarmentProjectUITests.release.xcconfig */,
				B18D3FFC8FAE8860F3801133 /* Pods-GarmentProjectTests.debug.xcconfig */,
				3EC3A139D730C4BEDA5229CD /* Pods-GarmentProjectTests.release.xcconfig */,
			);
			path = Pods;
			sourceTree = "<group>";
		};
/* End PBXGroup section */

/* Begin PBXNativeTarget section */
		4B0418FD25DD95FB004601D8 /* GarmentProject */ = {
			isa = PBXNativeTarget;
			buildConfigurationList = 4B04192825DD9601004601D8 /* Build configuration list for PBXNativeTarget "GarmentProject" */;
			buildPhases = (
				1F06E44775B37D917E45DA8C /* [CP] Check Pods Manifest.lock */,
				4B0418FA25DD95FB004601D8 /* Sources */,
				4B0418FB25DD95FB004601D8 /* Frameworks */,
				4B0418FC25DD95FB004601D8 /* Resources */,
			);
			buildRules = (
			);
			dependencies = (
			);
			name = GarmentProject;
			packageProductDependencies = (
				4B04194525DD97C6004601D8 /* Realm */,
				4B04194725DD97C6004601D8 /* RealmSwift */,
			);
			productName = GarmentProject;
			productReference = 4B0418FE25DD95FB004601D8 /* GarmentProject.app */;
			productType = "com.apple.product-type.application";
		};
		4B04191325DD9600004601D8 /* GarmentProjectTests */ = {
			isa = PBXNativeTarget;
			buildConfigurationList = 4B04192B25DD9601004601D8 /* Build configuration list for PBXNativeTarget "GarmentProjectTests" */;
			buildPhases = (
				6CE62EC04BB9300596E46845 /* [CP] Check Pods Manifest.lock */,
				4B04191025DD9600004601D8 /* Sources */,
				4B04191125DD9600004601D8 /* Frameworks */,
				4B04191225DD9600004601D8 /* Resources */,
				D20175ECB3A38ABFDCAEA9BC /* [CP] Embed Pods Frameworks */,
			);
			buildRules = (
			);
			dependencies = (
				4B04191625DD9600004601D8 /* PBXTargetDependency */,
			);
			name = GarmentProjectTests;
			productName = GarmentProjectTests;
			productReference = 4B04191425DD9600004601D8 /* GarmentProjectTests.xctest */;
			productType = "com.apple.product-type.bundle.unit-test";
		};
/* End PBXNativeTarget section */

/* Begin PBXProject section */
		4B0418F625DD95FB004601D8 /* Project object */ = {
			isa = PBXProject;
			attributes = {
				LastSwiftUpdateCheck = 1240;
				LastUpgradeCheck = 1240;
				TargetAttributes = {
					4B0418FD25DD95FB004601D8 = {
						CreatedOnToolsVersion = 12.4;
					};
					4B04191325DD9600004601D8 = {
						CreatedOnToolsVersion = 12.4;
						TestTargetID = 4B0418FD25DD95FB004601D8;
					};
				};
			};
			buildConfigurationList = 4B0418F925DD95FB004601D8 /* Build configuration list for PBXProject "GarmentProject" */;
			compatibilityVersion = "Xcode 9.3";
			developmentRegion = en;
			hasScannedForEncodings = 0;
			knownRegions = (
				en,
				Base,
			);
			mainGroup = 4B0418F525DD95FB004601D8;
			packageReferences = (
				4B04194425DD97C6004601D8 /* XCRemoteSwiftPackageReference "realm-cocoa" */,
			);
			productRefGroup = 4B0418FF25DD95FB004601D8 /* Products */;
			projectDirPath = "";
			projectRoot = "";
			targets = (
				4B0418FD25DD95FB004601D8 /* GarmentProject */,
				4B04191325DD9600004601D8 /* GarmentProjectTests */,
			);
		};
/* End PBXProject section */

/* Begin PBXResourcesBuildPhase section */
		4B0418FC25DD95FB004601D8 /* Resources */ = {
			isa = PBXResourcesBuildPhase;
			buildActionMask = 2147483647;
			files = (
				4B04190E25DD9600004601D8 /* LaunchScreen.storyboard in Resources */,
				4B04190B25DD9600004601D8 /* Preview Assets.xcassets in Resources */,
				4B04190825DD9600004601D8 /* Assets.xcassets in Resources */,
			);
			runOnlyForDeploymentPostprocessing = 0;
		};
		4B04191225DD9600004601D8 /* Resources */ = {
			isa = PBXResourcesBuildPhase;
			buildActionMask = 2147483647;
			files = (
			);
			runOnlyForDeploymentPostprocessing = 0;
		};
/* End PBXResourcesBuildPhase section */

/* Begin PBXShellScriptBuildPhase section */
		1F06E44775B37D917E45DA8C /* [CP] Check Pods Manifest.lock */ = {
			isa = PBXShellScriptBuildPhase;
			buildActionMask = 2147483647;
			files = (
			);
			inputFileListPaths = (
			);
			inputPaths = (
				"${PODS_PODFILE_DIR_PATH}/Podfile.lock",
				"${PODS_ROOT}/Manifest.lock",
			);
			name = "[CP] Check Pods Manifest.lock";
			outputFileListPaths = (
			);
			outputPaths = (
				"$(DERIVED_FILE_DIR)/Pods-GarmentProject-checkManifestLockResult.txt",
			);
			runOnlyForDeploymentPostprocessing = 0;
			shellPath = /bin/sh;
			shellScript = "diff \"${PODS_PODFILE_DIR_PATH}/Podfile.lock\" \"${PODS_ROOT}/Manifest.lock\" > /dev/null\nif [ $? != 0 ] ; then\n    # print error to STDERR\n    echo \"error: The sandbox is not in sync with the Podfile.lock. Run 'pod install' or update your CocoaPods installation.\" >&2\n    exit 1\nfi\n# This output is used by Xcode 'outputs' to avoid re-running this script phase.\necho \"SUCCESS\" > \"${SCRIPT_OUTPUT_FILE_0}\"\n";
			showEnvVarsInLog = 0;
		};
		6CE62EC04BB9300596E46845 /* [CP] Check Pods Manifest.lock */ = {
			isa = PBXShellScriptBuildPhase;
			buildActionMask = 2147483647;
			files = (
			);
			inputFileListPaths = (
			);
			inputPaths = (
				"${PODS_PODFILE_DIR_PATH}/Podfile.lock",
				"${PODS_ROOT}/Manifest.lock",
			);
			name = "[CP] Check Pods Manifest.lock";
			outputFileListPaths = (
			);
			outputPaths = (
				"$(DERIVED_FILE_DIR)/Pods-GarmentProjectTests-checkManifestLockResult.txt",
			);
			runOnlyForDeploymentPostprocessing = 0;
			shellPath = /bin/sh;
			shellScript = "diff \"${PODS_PODFILE_DIR_PATH}/Podfile.lock\" \"${PODS_ROOT}/Manifest.lock\" > /dev/null\nif [ $? != 0 ] ; then\n    # print error to STDERR\n    echo \"error: The sandbox is not in sync with the Podfile.lock. Run 'pod install' or update your CocoaPods installation.\" >&2\n    exit 1\nfi\n# This output is used by Xcode 'outputs' to avoid re-running this script phase.\necho \"SUCCESS\" > \"${SCRIPT_OUTPUT_FILE_0}\"\n";
			showEnvVarsInLog = 0;
		};
		D20175ECB3A38ABFDCAEA9BC /* [CP] Embed Pods Frameworks */ = {
			isa = PBXShellScriptBuildPhase;
			buildActionMask = 2147483647;
			files = (
			);
			inputFileListPaths = (
				"${PODS_ROOT}/Target Support Files/Pods-GarmentProjectTests/Pods-GarmentProjectTests-frameworks-${CONFIGURATION}-input-files.xcfilelist",
			);
			name = "[CP] Embed Pods Frameworks";
			outputFileListPaths = (
				"${PODS_ROOT}/Target Support Files/Pods-GarmentProjectTests/Pods-GarmentProjectTests-frameworks-${CONFIGURATION}-output-files.xcfilelist",
			);
			runOnlyForDeploymentPostprocessing = 0;
			shellPath = /bin/sh;
			shellScript = "\"${PODS_ROOT}/Target Support Files/Pods-GarmentProjectTests/Pods-GarmentProjectTests-frameworks.sh\"\n";
			showEnvVarsInLog = 0;
		};
/* End PBXShellScriptBuildPhase section */

/* Begin PBXSourcesBuildPhase section */
		4B0418FA25DD95FB004601D8 /* Sources */ = {
			isa = PBXSourcesBuildPhase;
			buildActionMask = 2147483647;
			files = (
				4B04193C25DD961E004601D8 /* GarmentListViewModel.swift in Sources */,
				4B04195C25DDA603004601D8 /* GarmentFormView.swift in Sources */,
				4B04190225DD95FB004601D8 /* AppDelegate.swift in Sources */,
				4B04194025DD961E004601D8 /* ContentView.swift in Sources */,
				4B04196425DDB03F004601D8 /* GarmentForm.swift in Sources */,
				4B04193D25DD961E004601D8 /* Garment.swift in Sources */,
				4B04190425DD95FB004601D8 /* SceneDelegate.swift in Sources */,
				4B04193E25DD961E004601D8 /* GarmentDB.swift in Sources */,
				4B04193F25DD961E004601D8 /* GarmentListView.swift in Sources */,
			);
			runOnlyForDeploymentPostprocessing = 0;
		};
		4B04191025DD9600004601D8 /* Sources */ = {
			isa = PBXSourcesBuildPhase;
			buildActionMask = 2147483647;
			files = (
				4B06EC3225DE08B300B4EF50 /* GarmentListViewModelSpec.swift in Sources */,
				4B66A8FF25DDE7CE00363A13 /* GarmentDBSpec.swift in Sources */,
			);
			runOnlyForDeploymentPostprocessing = 0;
		};
/* End PBXSourcesBuildPhase section */

/* Begin PBXTargetDependency section */
		4B04191625DD9600004601D8 /* PBXTargetDependency */ = {
			isa = PBXTargetDependency;
			target = 4B0418FD25DD95FB004601D8 /* GarmentProject */;
			targetProxy = 4B04191525DD9600004601D8 /* PBXContainerItemProxy */;
		};
/* End PBXTargetDependency section */

/* Begin PBXVariantGroup section */
		4B04190C25DD9600004601D8 /* LaunchScreen.storyboard */ = {
			isa = PBXVariantGroup;
			children = (
				4B04190D25DD9600004601D8 /* Base */,
			);
			name = LaunchScreen.storyboard;
			sourceTree = "<group>";
		};
/* End PBXVariantGroup section */

/* Begin XCBuildConfiguration section */
		4B04192625DD9601004601D8 /* Debug */ = {
			isa = XCBuildConfiguration;
			buildSettings = {
				ALWAYS_SEARCH_USER_PATHS = NO;
				CLANG_ANALYZER_NONNULL = YES;
				CLANG_ANALYZER_NUMBER_OBJECT_CONVERSION = YES_AGGRESSIVE;
				CLANG_CXX_LANGUAGE_STANDARD = "gnu++14";
				CLANG_CXX_LIBRARY = "libc++";
				CLANG_ENABLE_MODULES = YES;
				CLANG_ENABLE_OBJC_ARC = YES;
				CLANG_ENABLE_OBJC_WEAK = YES;
				CLANG_WARN_BLOCK_CAPTURE_AUTORELEASING = YES;
				CLANG_WARN_BOOL_CONVERSION = YES;
				CLANG_WARN_COMMA = YES;
				CLANG_WARN_CONSTANT_CONVERSION = YES;
				CLANG_WARN_DEPRECATED_OBJC_IMPLEMENTATIONS = YES;
				CLANG_WARN_DIRECT_OBJC_ISA_USAGE = YES_ERROR;
				CLANG_WARN_DOCUMENTATION_COMMENTS = YES;
				CLANG_WARN_EMPTY_BODY = YES;
				CLANG_WARN_ENUM_CONVERSION = YES;
				CLANG_WARN_INFINITE_RECURSION = YES;
				CLANG_WARN_INT_CONVERSION = YES;
				CLANG_WARN_NON_LITERAL_NULL_CONVERSION = YES;
				CLANG_WARN_OBJC_IMPLICIT_RETAIN_SELF = YES;
				CLANG_WARN_OBJC_LITERAL_CONVERSION = YES;
				CLANG_WARN_OBJC_ROOT_CLASS = YES_ERROR;
				CLANG_WARN_QUOTED_INCLUDE_IN_FRAMEWORK_HEADER = YES;
				CLANG_WARN_RANGE_LOOP_ANALYSIS = YES;
				CLANG_WARN_STRICT_PROTOTYPES = YES;
				CLANG_WARN_SUSPICIOUS_MOVE = YES;
				CLANG_WARN_UNGUARDED_AVAILABILITY = YES_AGGRESSIVE;
				CLANG_WARN_UNREACHABLE_CODE = YES;
				CLANG_WARN__DUPLICATE_METHOD_MATCH = YES;
				COPY_PHASE_STRIP = NO;
				DEBUG_INFORMATION_FORMAT = dwarf;
				ENABLE_STRICT_OBJC_MSGSEND = YES;
				ENABLE_TESTABILITY = YES;
				GCC_C_LANGUAGE_STANDARD = gnu11;
				GCC_DYNAMIC_NO_PIC = NO;
				GCC_NO_COMMON_BLOCKS = YES;
				GCC_OPTIMIZATION_LEVEL = 0;
				GCC_PREPROCESSOR_DEFINITIONS = (
					"DEBUG=1",
					"$(inherited)",
				);
				GCC_WARN_64_TO_32_BIT_CONVERSION = YES;
				GCC_WARN_ABOUT_RETURN_TYPE = YES_ERROR;
				GCC_WARN_UNDECLARED_SELECTOR = YES;
				GCC_WARN_UNINITIALIZED_AUTOS = YES_AGGRESSIVE;
				GCC_WARN_UNUSED_FUNCTION = YES;
				GCC_WARN_UNUSED_VARIABLE = YES;
				IPHONEOS_DEPLOYMENT_TARGET = 14.4;
				MTL_ENABLE_DEBUG_INFO = INCLUDE_SOURCE;
				MTL_FAST_MATH = YES;
				ONLY_ACTIVE_ARCH = YES;
				SDKROOT = iphoneos;
				SWIFT_ACTIVE_COMPILATION_CONDITIONS = DEBUG;
				SWIFT_OPTIMIZATION_LEVEL = "-Onone";
			};
			name = Debug;
		};
		4B04192725DD9601004601D8 /* Release */ = {
			isa = XCBuildConfiguration;
			buildSettings = {
				ALWAYS_SEARCH_USER_PATHS = NO;
				CLANG_ANALYZER_NONNULL = YES;
				CLANG_ANALYZER_NUMBER_OBJECT_CONVERSION = YES_AGGRESSIVE;
				CLANG_CXX_LANGUAGE_STANDARD = "gnu++14";
				CLANG_CXX_LIBRARY = "libc++";
				CLANG_ENABLE_MODULES = YES;
				CLANG_ENABLE_OBJC_ARC = YES;
				CLANG_ENABLE_OBJC_WEAK = YES;
				CLANG_WARN_BLOCK_CAPTURE_AUTORELEASING = YES;
				CLANG_WARN_BOOL_CONVERSION = YES;
				CLANG_WARN_COMMA = YES;
				CLANG_WARN_CONSTANT_CONVERSION = YES;
				CLANG_WARN_DEPRECATED_OBJC_IMPLEMENTATIONS = YES;
				CLANG_WARN_DIRECT_OBJC_ISA_USAGE = YES_ERROR;
				CLANG_WARN_DOCUMENTATION_COMMENTS = YES;
				CLANG_WARN_EMPTY_BODY = YES;
				CLANG_WARN_ENUM_CONVERSION = YES;
				CLANG_WARN_INFINITE_RECURSION = YES;
				CLANG_WARN_INT_CONVERSION = YES;
				CLANG_WARN_NON_LITERAL_NULL_CONVERSION = YES;
				CLANG_WARN_OBJC_IMPLICIT_RETAIN_SELF = YES;
				CLANG_WARN_OBJC_LITERAL_CONVERSION = YES;
				CLANG_WARN_OBJC_ROOT_CLASS = YES_ERROR;
				CLANG_WARN_QUOTED_INCLUDE_IN_FRAMEWORK_HEADER = YES;
				CLANG_WARN_RANGE_LOOP_ANALYSIS = YES;
				CLANG_WARN_STRICT_PROTOTYPES = YES;
				CLANG_WARN_SUSPICIOUS_MOVE = YES;
				CLANG_WARN_UNGUARDED_AVAILABILITY = YES_AGGRESSIVE;
				CLANG_WARN_UNREACHABLE_CODE = YES;
				CLANG_WARN__DUPLICATE_METHOD_MATCH = YES;
				COPY_PHASE_STRIP = NO;
				DEBUG_INFORMATION_FORMAT = "dwarf-with-dsym";
				ENABLE_NS_ASSERTIONS = NO;
				ENABLE_STRICT_OBJC_MSGSEND = YES;
				GCC_C_LANGUAGE_STANDARD = gnu11;
				GCC_NO_COMMON_BLOCKS = YES;
				GCC_WARN_64_TO_32_BIT_CONVERSION = YES;
				GCC_WARN_ABOUT_RETURN_TYPE = YES_ERROR;
				GCC_WARN_UNDECLARED_SELECTOR = YES;
				GCC_WARN_UNINITIALIZED_AUTOS = YES_AGGRESSIVE;
				GCC_WARN_UNUSED_FUNCTION = YES;
				GCC_WARN_UNUSED_VARIABLE = YES;
				IPHONEOS_DEPLOYMENT_TARGET = 14.4;
				MTL_ENABLE_DEBUG_INFO = NO;
				MTL_FAST_MATH = YES;
				SDKROOT = iphoneos;
				SWIFT_COMPILATION_MODE = wholemodule;
				SWIFT_OPTIMIZATION_LEVEL = "-O";
				VALIDATE_PRODUCT = YES;
			};
			name = Release;
		};
		4B04192925DD9601004601D8 /* Debug */ = {
			isa = XCBuildConfiguration;
			baseConfigurationReference = E8B94DD3DAFDC538DDB59FE1 /* Pods-GarmentProject.debug.xcconfig */;
			buildSettings = {
				ASSETCATALOG_COMPILER_APPICON_NAME = AppIcon;
				ASSETCATALOG_COMPILER_GLOBAL_ACCENT_COLOR_NAME = AccentColor;
				CODE_SIGN_STYLE = Automatic;
				DEVELOPMENT_ASSET_PATHS = "\"GarmentProject/Preview Content\"";
				DEVELOPMENT_TEAM = TDD6QTZ33S;
				ENABLE_PREVIEWS = YES;
				INFOPLIST_FILE = GarmentProject/Info.plist;
				LD_RUNPATH_SEARCH_PATHS = (
					"$(inherited)",
					"@executable_path/Frameworks",
				);
				PRODUCT_BUNDLE_IDENTIFIER = com.MengjiaoYang.GarmentProject;
				PRODUCT_NAME = "$(TARGET_NAME)";
				SWIFT_VERSION = 5.0;
				TARGETED_DEVICE_FAMILY = "1,2";
			};
			name = Debug;
		};
		4B04192A25DD9601004601D8 /* Release */ = {
			isa = XCBuildConfiguration;
			baseConfigurationReference = 7D0BE4012276D68CD179C217 /* Pods-GarmentProject.release.xcconfig */;
			buildSettings = {
				ASSETCATALOG_COMPILER_APPICON_NAME = AppIcon;
				ASSETCATALOG_COMPILER_GLOBAL_ACCENT_COLOR_NAME = AccentColor;
				CODE_SIGN_STYLE = Automatic;
				DEVELOPMENT_ASSET_PATHS = "\"GarmentProject/Preview Content\"";
				DEVELOPMENT_TEAM = TDD6QTZ33S;
				ENABLE_PREVIEWS = YES;
				INFOPLIST_FILE = GarmentProject/Info.plist;
				LD_RUNPATH_SEARCH_PATHS = (
					"$(inherited)",
					"@executable_path/Frameworks",
				);
				PRODUCT_BUNDLE_IDENTIFIER = com.MengjiaoYang.GarmentProject;
				PRODUCT_NAME = "$(TARGET_NAME)";
				SWIFT_VERSION = 5.0;
				TARGETED_DEVICE_FAMILY = "1,2";
			};
			name = Release;
		};
		4B04192C25DD9601004601D8 /* Debug */ = {
			isa = XCBuildConfiguration;
			baseConfigurationReference = B18D3FFC8FAE8860F3801133 /* Pods-GarmentProjectTests.debug.xcconfig */;
			buildSettings = {
				ALWAYS_EMBED_SWIFT_STANDARD_LIBRARIES = YES;
				BUNDLE_LOADER = "$(TEST_HOST)";
				CODE_SIGN_STYLE = Automatic;
				DEVELOPMENT_TEAM = TDD6QTZ33S;
				INFOPLIST_FILE = GarmentProjectTests/Info.plist;
				IPHONEOS_DEPLOYMENT_TARGET = 14.4;
				LD_RUNPATH_SEARCH_PATHS = (
					"$(inherited)",
					"@executable_path/Frameworks",
					"@loader_path/Frameworks",
				);
				PRODUCT_BUNDLE_IDENTIFIER = com.MengjiaoYang.GarmentProjectTests;
				PRODUCT_NAME = "$(TARGET_NAME)";
				SWIFT_VERSION = 5.0;
				TARGETED_DEVICE_FAMILY = "1,2";
				TEST_HOST = "$(BUILT_PRODUCTS_DIR)/GarmentProject.app/GarmentProject";
			};
			name = Debug;
		};
		4B04192D25DD9601004601D8 /* Release */ = {
			isa = XCBuildConfiguration;
			baseConfigurationReference = 3EC3A139D730C4BEDA5229CD /* Pods-GarmentProjectTests.release.xcconfig */;
			buildSettings = {
				ALWAYS_EMBED_SWIFT_STANDARD_LIBRARIES = YES;
				BUNDLE_LOADER = "$(TEST_HOST)";
				CODE_SIGN_STYLE = Automatic;
				DEVELOPMENT_TEAM = TDD6QTZ33S;
				INFOPLIST_FILE = GarmentProjectTests/Info.plist;
				IPHONEOS_DEPLOYMENT_TARGET = 14.4;
				LD_RUNPATH_SEARCH_PATHS = (
					"$(inherited)",
					"@executable_path/Frameworks",
					"@loader_path/Frameworks",
				);
				PRODUCT_BUNDLE_IDENTIFIER = com.MengjiaoYang.GarmentProjectTests;
				PRODUCT_NAME = "$(TARGET_NAME)";
				SWIFT_VERSION = 5.0;
				TARGETED_DEVICE_FAMILY = "1,2";
				TEST_HOST = "$(BUILT_PRODUCTS_DIR)/GarmentProject.app/GarmentProject";
			};
			name = Release;
		};
/* End XCBuildConfiguration section */

/* Begin XCConfigurationList section */
		4B0418F925DD95FB004601D8 /* Build configuration list for PBXProject "GarmentProject" */ = {
			isa = XCConfigurationList;
			buildConfigurations = (
				4B04192625DD9601004601D8 /* Debug */,
				4B04192725DD9601004601D8 /* Release */,
			);
			defaultConfigurationIsVisible = 0;
			defaultConfigurationName = Release;
		};
		4B04192825DD9601004601D8 /* Build configuration list for PBXNativeTarget "GarmentProject" */ = {
			isa = XCConfigurationList;
			buildConfigurations = (
				4B04192925DD9601004601D8 /* Debug */,
				4B04192A25DD9601004601D8 /* Release */,
			);
			defaultConfigurationIsVisible = 0;
			defaultConfigurationName = Release;
		};
		4B04192B25DD9601004601D8 /* Build configuration list for PBXNativeTarget "GarmentProjectTests" */ = {
			isa = XCConfigurationList;
			buildConfigurations = (
				4B04192C25DD9601004601D8 /* Debug */,
				4B04192D25DD9601004601D8 /* Release */,
			);
			defaultConfigurationIsVisible = 0;
			defaultConfigurationName = Release;
		};
/* End XCConfigurationList section */

/* Begin XCRemoteSwiftPackageReference section */
		4B04194425DD97C6004601D8 /* XCRemoteSwiftPackageReference "realm-cocoa" */ = {
			isa = XCRemoteSwiftPackageReference;
			repositoryURL = "https://github.com/realm/realm-cocoa.git";
			requirement = {
				kind = upToNextMajorVersion;
				minimumVersion = 10.6.0;
			};
		};
/* End XCRemoteSwiftPackageReference section */

/* Begin XCSwiftPackageProductDependency section */
		4B04194525DD97C6004601D8 /* Realm */ = {
			isa = XCSwiftPackageProductDependency;
			package = 4B04194425DD97C6004601D8 /* XCRemoteSwiftPackageReference "realm-cocoa" */;
			productName = Realm;
		};
		4B04194725DD97C6004601D8 /* RealmSwift */ = {
			isa = XCSwiftPackageProductDependency;
			package = 4B04194425DD97C6004601D8 /* XCRemoteSwiftPackageReference "realm-cocoa" */;
			productName = RealmSwift;
		};
/* End XCSwiftPackageProductDependency section */
	};
	rootObject = 4B0418F625DD95FB004601D8 /* Project object */;
}
